
Microsoft Visual Studio Solution File, Format Version 12.00
# Visual Studio Version 17
VisualStudioVersion = 17.9.34728.123
MinimumVisualStudioVersion = 10.0.40219.1
Project("{2150E333-8FDC-42A3-9474-1A3956D46DE8}") = "Solution Items", "Solution Items", "{7A70AE4F-D46B-4A5A-89D3-58C5EE5009F0}"
	ProjectSection(SolutionItems) = preProject
		.gitattributes = .gitattributes
		.gitignore = .gitignore
		LICENSE.txt = LICENSE.txt
		README.md = README.md
	EndProjectSection
EndProject
Project("{FAE04EC0-301F-11D3-BF4B-00C04F79EFBC}") = "WebAPI", "WebAPI\WebAPI.csproj", "{14C6C5E6-0712-466F-958C-FA6C0337BEB8}"
EndProject
Project("{FAE04EC0-301F-11D3-BF4B-00C04F79EFBC}") = "Services", "Services\Services.csproj", "{BABE6F69-4090-4A90-BC63-27440D5BFE5A}"
EndProject
Global
	GlobalSection(SolutionConfigurationPlatforms) = preSolution
		Debug|Any CPU = Debug|Any CPU
		Release|Any CPU = Release|Any CPU
	EndGlobalSection
	GlobalSection(ProjectConfigurationPlatforms) = postSolution
		{14C6C5E6-0712-466F-958C-FA6C0337BEB8}.Debug|Any CPU.ActiveCfg = Debug|Any CPU
		{14C6C5E6-0712-466F-958C-FA6C0337BEB8}.Debug|Any CPU.Build.0 = Debug|Any CPU
		{14C6C5E6-0712-466F-958C-FA6C0337BEB8}.Release|Any CPU.ActiveCfg = Release|Any CPU
		{14C6C5E6-0712-466F-958C-FA6C0337BEB8}.Release|Any CPU.Build.0 = Release|Any CPU
		{BABE6F69-4090-4A90-BC63-27440D5BFE5A}.Debug|Any CPU.ActiveCfg = Debug|Any CPU
		{BABE6F69-4090-4A90-BC63-27440D5BFE5A}.Debug|Any CPU.Build.0 = Debug|Any CPU
		{BABE6F69-4090-4A90-BC63-27440D5BFE5A}.Release|Any CPU.ActiveCfg = Release|Any CPU
		{BABE6F69-4090-4A90-BC63-27440D5BFE5A}.Release|Any CPU.Build.0 = Release|Any CPU
	EndGlobalSection
	GlobalSection(SolutionProperties) = preSolution
		HideSolutionNode = FALSE
	EndGlobalSection
	GlobalSection(ExtensibilityGlobals) = postSolution
		SolutionGuid = {CA5C4D54-8618-4BE1-A0BB-45923A2A2414}
	EndGlobalSection
EndGlobal
