
Microsoft Visual Studio Solution File, Format Version 12.00
# Visual Studio Version 17
VisualStudioVersion = 17.9.34728.123
MinimumVisualStudioVersion = 10.0.40219.1
Project("{2150E333-8FDC-42A3-9474-1A3956D46DE8}") = "Solution Items", "Solution Items", "{7A70AE4F-D46B-4A5A-89D3-58C5EE5009F0}"
	ProjectSection(SolutionItems) = preProject
		.gitattributes = .gitattributes
		.gitignore = .gitignore
		LICENSE.txt = LICENSE.txt
		README.md = README.md
	EndProjectSection
EndProject
Project("{9A19103F-16F7-4668-BE54-9A1E7A4F7556}") = "WebAPI", "WebAPI\WebAPI.csproj", "{14C6C5E6-0712-466F-958C-FA6C0337BEB8}"
EndProject
Project("{2150E333-8FDC-42A3-9474-1A3956D46DE8}") = "src", "src", "{C27EB3B7-1168-4257-BA5C-1EF5A5B64B8A}"
EndProject
Project("{9A19103F-16F7-4668-BE54-9A1E7A4F7556}") = "Domain", "src\Domain\Domain.csproj", "{3BBE936F-7A3D-441E-A32D-D41303C72CA5}"
EndProject
Project("{9A19103F-16F7-4668-BE54-9A1E7A4F7556}") = "Presentation", "src\Presentation\Presentation.csproj", "{2345A9EA-49F0-43EA-8657-327763BD8892}"
EndProject
Project("{9A19103F-16F7-4668-BE54-9A1E7A4F7556}") = "Web", "src\Web\Web.csproj", "{F1F9EF38-5414-416A-ACEF-0DFCF754B892}"
EndProject
Project("{9A19103F-16F7-4668-BE54-9A1E7A4F7556}") = "Application", "src\Application\Application.csproj", "{0B2017AB-7FBF-4CA4-BC88-66D091B89D93}"
EndProject
Project("{9A19103F-16F7-4668-BE54-9A1E7A4F7556}") = "Infrastructure", "src\Infrastructure\Infrastructure.csproj", "{E1297275-5714-443C-83DA-E2DAD7F0584F}"
EndProject
Project("{9A19103F-16F7-4668-BE54-9A1E7A4F7556}") = "Repositories", "src\Repositories\Repositories.csproj", "{568AE14F-89E3-400E-AA19-7675B2BD434E}"
EndProject
Project("{FAE04EC0-301F-11D3-BF4B-00C04F79EFBC}") = "Authentication", "src\Authentication\Authentication.csproj", "{24FF06F0-4DEA-4AE3-A92C-115E8EA84B12}"
EndProject
Project("{FAE04EC0-301F-11D3-BF4B-00C04F79EFBC}") = "AzureKeyVaultSecrets", "src\AzureKeyVaultSecrets\AzureKeyVaultSecrets.csproj", "{C44C57E7-3080-4FEC-A417-E7D5B7087D2B}"
EndProject
Global
	GlobalSection(SolutionConfigurationPlatforms) = preSolution
		Debug|Any CPU = Debug|Any CPU
		Release|Any CPU = Release|Any CPU
	EndGlobalSection
	GlobalSection(ProjectConfigurationPlatforms) = postSolution
		{14C6C5E6-0712-466F-958C-FA6C0337BEB8}.Debug|Any CPU.ActiveCfg = Debug|Any CPU
		{14C6C5E6-0712-466F-958C-FA6C0337BEB8}.Debug|Any CPU.Build.0 = Debug|Any CPU
		{14C6C5E6-0712-466F-958C-FA6C0337BEB8}.Release|Any CPU.ActiveCfg = Release|Any CPU
		{14C6C5E6-0712-466F-958C-FA6C0337BEB8}.Release|Any CPU.Build.0 = Release|Any CPU
		{3BBE936F-7A3D-441E-A32D-D41303C72CA5}.Debug|Any CPU.ActiveCfg = Debug|Any CPU
		{3BBE936F-7A3D-441E-A32D-D41303C72CA5}.Debug|Any CPU.Build.0 = Debug|Any CPU
		{3BBE936F-7A3D-441E-A32D-D41303C72CA5}.Release|Any CPU.ActiveCfg = Release|Any CPU
		{3BBE936F-7A3D-441E-A32D-D41303C72CA5}.Release|Any CPU.Build.0 = Release|Any CPU
		{2345A9EA-49F0-43EA-8657-327763BD8892}.Debug|Any CPU.ActiveCfg = Debug|Any CPU
		{2345A9EA-49F0-43EA-8657-327763BD8892}.Debug|Any CPU.Build.0 = Debug|Any CPU
		{2345A9EA-49F0-43EA-8657-327763BD8892}.Release|Any CPU.ActiveCfg = Release|Any CPU
		{2345A9EA-49F0-43EA-8657-327763BD8892}.Release|Any CPU.Build.0 = Release|Any CPU
		{F1F9EF38-5414-416A-ACEF-0DFCF754B892}.Debug|Any CPU.ActiveCfg = Debug|Any CPU
		{F1F9EF38-5414-416A-ACEF-0DFCF754B892}.Debug|Any CPU.Build.0 = Debug|Any CPU
		{F1F9EF38-5414-416A-ACEF-0DFCF754B892}.Release|Any CPU.ActiveCfg = Release|Any CPU
		{F1F9EF38-5414-416A-ACEF-0DFCF754B892}.Release|Any CPU.Build.0 = Release|Any CPU
		{0B2017AB-7FBF-4CA4-BC88-66D091B89D93}.Debug|Any CPU.ActiveCfg = Debug|Any CPU
		{0B2017AB-7FBF-4CA4-BC88-66D091B89D93}.Debug|Any CPU.Build.0 = Debug|Any CPU
		{0B2017AB-7FBF-4CA4-BC88-66D091B89D93}.Release|Any CPU.ActiveCfg = Release|Any CPU
		{0B2017AB-7FBF-4CA4-BC88-66D091B89D93}.Release|Any CPU.Build.0 = Release|Any CPU
		{E1297275-5714-443C-83DA-E2DAD7F0584F}.Debug|Any CPU.ActiveCfg = Debug|Any CPU
		{E1297275-5714-443C-83DA-E2DAD7F0584F}.Debug|Any CPU.Build.0 = Debug|Any CPU
		{E1297275-5714-443C-83DA-E2DAD7F0584F}.Release|Any CPU.ActiveCfg = Release|Any CPU
		{E1297275-5714-443C-83DA-E2DAD7F0584F}.Release|Any CPU.Build.0 = Release|Any CPU
		{568AE14F-89E3-400E-AA19-7675B2BD434E}.Debug|Any CPU.ActiveCfg = Debug|Any CPU
		{568AE14F-89E3-400E-AA19-7675B2BD434E}.Debug|Any CPU.Build.0 = Debug|Any CPU
		{568AE14F-89E3-400E-AA19-7675B2BD434E}.Release|Any CPU.ActiveCfg = Release|Any CPU
		{568AE14F-89E3-400E-AA19-7675B2BD434E}.Release|Any CPU.Build.0 = Release|Any CPU
		{24FF06F0-4DEA-4AE3-A92C-115E8EA84B12}.Debug|Any CPU.ActiveCfg = Debug|Any CPU
		{24FF06F0-4DEA-4AE3-A92C-115E8EA84B12}.Debug|Any CPU.Build.0 = Debug|Any CPU
		{24FF06F0-4DEA-4AE3-A92C-115E8EA84B12}.Release|Any CPU.ActiveCfg = Release|Any CPU
		{24FF06F0-4DEA-4AE3-A92C-115E8EA84B12}.Release|Any CPU.Build.0 = Release|Any CPU
		{C44C57E7-3080-4FEC-A417-E7D5B7087D2B}.Debug|Any CPU.ActiveCfg = Debug|Any CPU
		{C44C57E7-3080-4FEC-A417-E7D5B7087D2B}.Debug|Any CPU.Build.0 = Debug|Any CPU
		{C44C57E7-3080-4FEC-A417-E7D5B7087D2B}.Release|Any CPU.ActiveCfg = Release|Any CPU
		{C44C57E7-3080-4FEC-A417-E7D5B7087D2B}.Release|Any CPU.Build.0 = Release|Any CPU
	EndGlobalSection
	GlobalSection(SolutionProperties) = preSolution
		HideSolutionNode = FALSE
	EndGlobalSection
	GlobalSection(NestedProjects) = preSolution
		{3BBE936F-7A3D-441E-A32D-D41303C72CA5} = {C27EB3B7-1168-4257-BA5C-1EF5A5B64B8A}
		{2345A9EA-49F0-43EA-8657-327763BD8892} = {C27EB3B7-1168-4257-BA5C-1EF5A5B64B8A}
		{F1F9EF38-5414-416A-ACEF-0DFCF754B892} = {C27EB3B7-1168-4257-BA5C-1EF5A5B64B8A}
		{0B2017AB-7FBF-4CA4-BC88-66D091B89D93} = {C27EB3B7-1168-4257-BA5C-1EF5A5B64B8A}
		{E1297275-5714-443C-83DA-E2DAD7F0584F} = {C27EB3B7-1168-4257-BA5C-1EF5A5B64B8A}
		{568AE14F-89E3-400E-AA19-7675B2BD434E} = {C27EB3B7-1168-4257-BA5C-1EF5A5B64B8A}
		{24FF06F0-4DEA-4AE3-A92C-115E8EA84B12} = {C27EB3B7-1168-4257-BA5C-1EF5A5B64B8A}
		{C44C57E7-3080-4FEC-A417-E7D5B7087D2B} = {C27EB3B7-1168-4257-BA5C-1EF5A5B64B8A}
	EndGlobalSection
	GlobalSection(ExtensibilityGlobals) = postSolution
		SolutionGuid = {CA5C4D54-8618-4BE1-A0BB-45923A2A2414}
	EndGlobalSection
EndGlobal
